// !$*UTF8*$!
{
	archiveVersion = 1;
	classes = {
	};
	objectVersion = 56;
	objects = {

/* Begin PBXBuildFile section */
		415A088C2B2C647500B3FE3F /* TabBarView.swift in Sources */ = {isa = PBXBuildFile; fileRef = 415A088B2B2C647500B3FE3F /* TabBarView.swift */; };
		415A088E2B2C65AD00B3FE3F /* SettingsView.swift in Sources */ = {isa = PBXBuildFile; fileRef = 415A088D2B2C65AD00B3FE3F /* SettingsView.swift */; };
		415A08942B2C707B00B3FE3F /* LocationsList.swift in Sources */ = {isa = PBXBuildFile; fileRef = 415A08932B2C707B00B3FE3F /* LocationsList.swift */; };
		41E73AC72B2C5FDF002AFFA8 /* ConverterAppApp.swift in Sources */ = {isa = PBXBuildFile; fileRef = 41E73AC62B2C5FDF002AFFA8 /* ConverterAppApp.swift */; };
		41E73AC92B2C5FDF002AFFA8 /* ContentView.swift in Sources */ = {isa = PBXBuildFile; fileRef = 41E73AC82B2C5FDF002AFFA8 /* ContentView.swift */; };
		41E73ACB2B2C5FE1002AFFA8 /* Assets.xcassets in Resources */ = {isa = PBXBuildFile; fileRef = 41E73ACA2B2C5FE1002AFFA8 /* Assets.xcassets */; };
		41E73ACF2B2C5FE1002AFFA8 /* Preview Assets.xcassets in Resources */ = {isa = PBXBuildFile; fileRef = 41E73ACE2B2C5FE1002AFFA8 /* Preview Assets.xcassets */; };
/* End PBXBuildFile section */

/* Begin PBXFileReference section */
		415A088B2B2C647500B3FE3F /* TabBarView.swift */ = {isa = PBXFileReference; lastKnownFileType = sourcecode.swift; path = TabBarView.swift; sourceTree = "<group>"; };
		415A088D2B2C65AD00B3FE3F /* SettingsView.swift */ = {isa = PBXFileReference; lastKnownFileType = sourcecode.swift; path = SettingsView.swift; sourceTree = "<group>"; };
		415A08932B2C707B00B3FE3F /* LocationsList.swift */ = {isa = PBXFileReference; lastKnownFileType = sourcecode.swift; path = LocationsList.swift; sourceTree = "<group>"; };
		415A08952B2CE02300B3FE3F /* Info.plist */ = {isa = PBXFileReference; lastKnownFileType = text.plist; path = Info.plist; sourceTree = "<group>"; };
		41E73AC32B2C5FDF002AFFA8 /* ConverterApp.app */ = {isa = PBXFileReference; explicitFileType = wrapper.application; includeInIndex = 0; path = ConverterApp.app; sourceTree = BUILT_PRODUCTS_DIR; };
		41E73AC62B2C5FDF002AFFA8 /* ConverterAppApp.swift */ = {isa = PBXFileReference; lastKnownFileType = sourcecode.swift; path = ConverterAppApp.swift; sourceTree = "<group>"; };
		41E73AC82B2C5FDF002AFFA8 /* ContentView.swift */ = {isa = PBXFileReference; lastKnownFileType = sourcecode.swift; path = ContentView.swift; sourceTree = "<group>"; };
		41E73ACA2B2C5FE1002AFFA8 /* Assets.xcassets */ = {isa = PBXFileReference; lastKnownFileType = folder.assetcatalog; path = Assets.xcassets; sourceTree = "<group>"; };
		41E73ACC2B2C5FE1002AFFA8 /* ConverterApp.entitlements */ = {isa = PBXFileReference; lastKnownFileType = text.plist.entitlements; path = ConverterApp.entitlements; sourceTree = "<group>"; };
		41E73ACE2B2C5FE1002AFFA8 /* Preview Assets.xcassets */ = {isa = PBXFileReference; lastKnownFileType = folder.assetcatalog; path = "Preview Assets.xcassets"; sourceTree = "<group>"; };
/* End PBXFileReference section */

/* Begin PBXFrameworksBuildPhase section */
		41E73AC02B2C5FDF002AFFA8 /* Frameworks */ = {
			isa = PBXFrameworksBuildPhase;
			buildActionMask = 2147483647;
			files = (
			);
			runOnlyForDeploymentPostprocessing = 0;
		};
/* End PBXFrameworksBuildPhase section */

/* Begin PBXGroup section */
		415A088A2B2C645E00B3FE3F /* View */ = {
			isa = PBXGroup;
			children = (
				415A088D2B2C65AD00B3FE3F /* SettingsView.swift */,
				415A088B2B2C647500B3FE3F /* TabBarView.swift */,
				415A08932B2C707B00B3FE3F /* LocationsList.swift */,
			);
			path = View;
			sourceTree = "<group>";
		};
		41E73ABA2B2C5FDF002AFFA8 = {
			isa = PBXGroup;
			children = (
				41E73AC52B2C5FDF002AFFA8 /* ConverterApp */,
				41E73AC42B2C5FDF002AFFA8 /* Products */,
			);
			sourceTree = "<group>";
		};
		41E73AC42B2C5FDF002AFFA8 /* Products */ = {
			isa = PBXGroup;
			children = (
				41E73AC32B2C5FDF002AFFA8 /* ConverterApp.app */,
			);
			name = Products;
			sourceTree = "<group>";
		};
		41E73AC52B2C5FDF002AFFA8 /* ConverterApp */ = {
			isa = PBXGroup;
			children = (
				415A08952B2CE02300B3FE3F /* Info.plist */,
				41E73AC62B2C5FDF002AFFA8 /* ConverterAppApp.swift */,
				41E73AC82B2C5FDF002AFFA8 /* ContentView.swift */,
				415A088A2B2C645E00B3FE3F /* View */,
				41E73ACA2B2C5FE1002AFFA8 /* Assets.xcassets */,
				41E73ACC2B2C5FE1002AFFA8 /* ConverterApp.entitlements */,
				41E73ACD2B2C5FE1002AFFA8 /* Preview Content */,
			);
			path = ConverterApp;
			sourceTree = "<group>";
		};
		41E73ACD2B2C5FE1002AFFA8 /* Preview Content */ = {
			isa = PBXGroup;
			children = (
				41E73ACE2B2C5FE1002AFFA8 /* Preview Assets.xcassets */,
			);
			path = "Preview Content";
			sourceTree = "<group>";
		};
/* End PBXGroup section */

/* Begin PBXNativeTarget section */
		41E73AC22B2C5FDF002AFFA8 /* ConverterApp */ = {
			isa = PBXNativeTarget;
			buildConfigurationList = 41E73AD22B2C5FE1002AFFA8 /* Build configuration list for PBXNativeTarget "ConverterApp" */;
			buildPhases = (
				41E73ABF2B2C5FDF002AFFA8 /* Sources */,
				41E73AC02B2C5FDF002AFFA8 /* Frameworks */,
				41E73AC12B2C5FDF002AFFA8 /* Resources */,
			);
			buildRules = (
			);
			dependencies = (
			);
			name = ConverterApp;
			productName = ConverterApp;
			productReference = 41E73AC32B2C5FDF002AFFA8 /* ConverterApp.app */;
			productType = "com.apple.product-type.application";
		};
/* End PBXNativeTarget section */

/* Begin PBXProject section */
		41E73ABB2B2C5FDF002AFFA8 /* Project object */ = {
			isa = PBXProject;
			attributes = {
				BuildIndependentTargetsInParallel = 1;
				LastSwiftUpdateCheck = 1430;
				LastUpgradeCheck = 1430;
				TargetAttributes = {
					41E73AC22B2C5FDF002AFFA8 = {
						CreatedOnToolsVersion = 14.3.1;
					};
				};
			};
			buildConfigurationList = 41E73ABE2B2C5FDF002AFFA8 /* Build configuration list for PBXProject "ConverterApp" */;
			compatibilityVersion = "Xcode 14.0";
			developmentRegion = en;
			hasScannedForEncodings = 0;
			knownRegions = (
				en,
				Base,
			);
			mainGroup = 41E73ABA2B2C5FDF002AFFA8;
			productRefGroup = 41E73AC42B2C5FDF002AFFA8 /* Products */;
			projectDirPath = "";
			projectRoot = "";
			targets = (
				41E73AC22B2C5FDF002AFFA8 /* ConverterApp */,
			);
		};
/* End PBXProject section */

/* Begin PBXResourcesBuildPhase section */
		41E73AC12B2C5FDF002AFFA8 /* Resources */ = {
			isa = PBXResourcesBuildPhase;
			buildActionMask = 2147483647;
			files = (
				41E73ACF2B2C5FE1002AFFA8 /* Preview Assets.xcassets in Resources */,
				41E73ACB2B2C5FE1002AFFA8 /* Assets.xcassets in Resources */,
			);
			runOnlyForDeploymentPostprocessing = 0;
		};
/* End PBXResourcesBuildPhase section */

/* Begin PBXSourcesBuildPhase section */
		41E73ABF2B2C5FDF002AFFA8 /* Sources */ = {
			isa = PBXSourcesBuildPhase;
			buildActionMask = 2147483647;
			files = (
				41E73AC92B2C5FDF002AFFA8 /* ContentView.swift in Sources */,
				415A088E2B2C65AD00B3FE3F /* SettingsView.swift in Sources */,
				415A08942B2C707B00B3FE3F /* LocationsList.swift in Sources */,
				415A088C2B2C647500B3FE3F /* TabBarView.swift in Sources */,
				41E73AC72B2C5FDF002AFFA8 /* ConverterAppApp.swift in Sources */,
			);
			runOnlyForDeploymentPostprocessing = 0;
		};
/* End PBXSourcesBuildPhase section */

/* Begin XCBuildConfiguration section */
		41E73AD02B2C5FE1002AFFA8 /* Debug */ = {
			isa = XCBuildConfiguration;
			buildSettings = {
				ALWAYS_SEARCH_USER_PATHS = NO;
				CLANG_ANALYZER_NONNULL = YES;
				CLANG_ANALYZER_NUMBER_OBJECT_CONVERSION = YES_AGGRESSIVE;
				CLANG_CXX_LANGUAGE_STANDARD = "gnu++20";
				CLANG_ENABLE_MODULES = YES;
				CLANG_ENABLE_OBJC_ARC = YES;
				CLANG_ENABLE_OBJC_WEAK = YES;
				CLANG_WARN_BLOCK_CAPTURE_AUTORELEASING = YES;
				CLANG_WARN_BOOL_CONVERSION = YES;
				CLANG_WARN_COMMA = YES;
				CLANG_WARN_CONSTANT_CONVERSION = YES;
				CLANG_WARN_DEPRECATED_OBJC_IMPLEMENTATIONS = YES;
				CLANG_WARN_DIRECT_OBJC_ISA_USAGE = YES_ERROR;
				CLANG_WARN_DOCUMENTATION_COMMENTS = YES;
				CLANG_WARN_EMPTY_BODY = YES;
				CLANG_WARN_ENUM_CONVERSION = YES;
				CLANG_WARN_INFINITE_RECURSION = YES;
				CLANG_WARN_INT_CONVERSION = YES;
				CLANG_WARN_NON_LITERAL_NULL_CONVERSION = YES;
				CLANG_WARN_OBJC_IMPLICIT_RETAIN_SELF = YES;
				CLANG_WARN_OBJC_LITERAL_CONVERSION = YES;
				CLANG_WARN_OBJC_ROOT_CLASS = YES_ERROR;
				CLANG_WARN_QUOTED_INCLUDE_IN_FRAMEWORK_HEADER = YES;
				CLANG_WARN_RANGE_LOOP_ANALYSIS = YES;
				CLANG_WARN_STRICT_PROTOTYPES = YES;
				CLANG_WARN_SUSPICIOUS_MOVE = YES;
				CLANG_WARN_UNGUARDED_AVAILABILITY = YES_AGGRESSIVE;
				CLANG_WARN_UNREACHABLE_CODE = YES;
				CLANG_WARN__DUPLICATE_METHOD_MATCH = YES;
				COPY_PHASE_STRIP = NO;
				DEBUG_INFORMATION_FORMAT = dwarf;
				ENABLE_STRICT_OBJC_MSGSEND = YES;
				ENABLE_TESTABILITY = YES;
				GCC_C_LANGUAGE_STANDARD = gnu11;
				GCC_DYNAMIC_NO_PIC = NO;
				GCC_NO_COMMON_BLOCKS = YES;
				GCC_OPTIMIZATION_LEVEL = 0;
				GCC_PREPROCESSOR_DEFINITIONS = (
					"DEBUG=1",
					"$(inherited)",
				);
				GCC_WARN_64_TO_32_BIT_CONVERSION = YES;
				GCC_WARN_ABOUT_RETURN_TYPE = YES_ERROR;
				GCC_WARN_UNDECLARED_SELECTOR = YES;
				GCC_WARN_UNINITIALIZED_AUTOS = YES_AGGRESSIVE;
				GCC_WARN_UNUSED_FUNCTION = YES;
				GCC_WARN_UNUSED_VARIABLE = YES;
				MTL_ENABLE_DEBUG_INFO = INCLUDE_SOURCE;
				MTL_FAST_MATH = YES;
				ONLY_ACTIVE_ARCH = YES;
				SWIFT_ACTIVE_COMPILATION_CONDITIONS = DEBUG;
				SWIFT_OPTIMIZATION_LEVEL = "-Onone";
			};
			name = Debug;
		};
		41E73AD12B2C5FE1002AFFA8 /* Release */ = {
			isa = XCBuildConfiguration;
			buildSettings = {
				ALWAYS_SEARCH_USER_PATHS = NO;
				CLANG_ANALYZER_NONNULL = YES;
				CLANG_ANALYZER_NUMBER_OBJECT_CONVERSION = YES_AGGRESSIVE;
				CLANG_CXX_LANGUAGE_STANDARD = "gnu++20";
				CLANG_ENABLE_MODULES = YES;
				CLANG_ENABLE_OBJC_ARC = YES;
				CLANG_ENABLE_OBJC_WEAK = YES;
				CLANG_WARN_BLOCK_CAPTURE_AUTORELEASING = YES;
				CLANG_WARN_BOOL_CONVERSION = YES;
				CLANG_WARN_COMMA = YES;
				CLANG_WARN_CONSTANT_CONVERSION = YES;
				CLANG_WARN_DEPRECATED_OBJC_IMPLEMENTATIONS = YES;
				CLANG_WARN_DIRECT_OBJC_ISA_USAGE = YES_ERROR;
				CLANG_WARN_DOCUMENTATION_COMMENTS = YES;
				CLANG_WARN_EMPTY_BODY = YES;
				CLANG_WARN_ENUM_CONVERSION = YES;
				CLANG_WARN_INFINITE_RECURSION = YES;
				CLANG_WARN_INT_CONVERSION = YES;
				CLANG_WARN_NON_LITERAL_NULL_CONVERSION = YES;
				CLANG_WARN_OBJC_IMPLICIT_RETAIN_SELF = YES;
				CLANG_WARN_OBJC_LITERAL_CONVERSION = YES;
				CLANG_WARN_OBJC_ROOT_CLASS = YES_ERROR;
				CLANG_WARN_QUOTED_INCLUDE_IN_FRAMEWORK_HEADER = YES;
				CLANG_WARN_RANGE_LOOP_ANALYSIS = YES;
				CLANG_WARN_STRICT_PROTOTYPES = YES;
				CLANG_WARN_SUSPICIOUS_MOVE = YES;
				CLANG_WARN_UNGUARDED_AVAILABILITY = YES_AGGRESSIVE;
				CLANG_WARN_UNREACHABLE_CODE = YES;
				CLANG_WARN__DUPLICATE_METHOD_MATCH = YES;
				COPY_PHASE_STRIP = NO;
				DEBUG_INFORMATION_FORMAT = "dwarf-with-dsym";
				ENABLE_NS_ASSERTIONS = NO;
				ENABLE_STRICT_OBJC_MSGSEND = YES;
				GCC_C_LANGUAGE_STANDARD = gnu11;
				GCC_NO_COMMON_BLOCKS = YES;
				GCC_WARN_64_TO_32_BIT_CONVERSION = YES;
				GCC_WARN_ABOUT_RETURN_TYPE = YES_ERROR;
				GCC_WARN_UNDECLARED_SELECTOR = YES;
				GCC_WARN_UNINITIALIZED_AUTOS = YES_AGGRESSIVE;
				GCC_WARN_UNUSED_FUNCTION = YES;
				GCC_WARN_UNUSED_VARIABLE = YES;
				MTL_ENABLE_DEBUG_INFO = NO;
				MTL_FAST_MATH = YES;
				SWIFT_COMPILATION_MODE = wholemodule;
				SWIFT_OPTIMIZATION_LEVEL = "-O";
			};
			name = Release;
		};
		41E73AD32B2C5FE1002AFFA8 /* Debug */ = {
			isa = XCBuildConfiguration;
			buildSettings = {
				ASSETCATALOG_COMPILER_APPICON_NAME = AppIcon;
				ASSETCATALOG_COMPILER_GLOBAL_ACCENT_COLOR_NAME = AccentColor;
				CODE_SIGN_ENTITLEMENTS = ConverterApp/ConverterApp.entitlements;
				CODE_SIGN_STYLE = Automatic;
				CURRENT_PROJECT_VERSION = 1;
				DEVELOPMENT_ASSET_PATHS = "\"ConverterApp/Preview Content\"";
				DEVELOPMENT_TEAM = D7ZMSZAJTW;
				ENABLE_HARDENED_RUNTIME = YES;
				ENABLE_PREVIEWS = YES;
				GENERATE_INFOPLIST_FILE = YES;
				INFOPLIST_FILE = ConverterApp/Info.plist;
				INFOPLIST_KEY_LSApplicationCategoryType = "public.app-category.utilities";
				INFOPLIST_KEY_NSLocationWhenInUseUsageDescription = "This app requires your location to provide time zone information based on your current location.";
				"INFOPLIST_KEY_UIApplicationSceneManifest_Generation[sdk=iphoneos*]" = YES;
				"INFOPLIST_KEY_UIApplicationSceneManifest_Generation[sdk=iphonesimulator*]" = YES;
				"INFOPLIST_KEY_UIApplicationSupportsIndirectInputEvents[sdk=iphoneos*]" = YES;
				"INFOPLIST_KEY_UIApplicationSupportsIndirectInputEvents[sdk=iphonesimulator*]" = YES;
				"INFOPLIST_KEY_UILaunchScreen_Generation[sdk=iphoneos*]" = YES;
				"INFOPLIST_KEY_UILaunchScreen_Generation[sdk=iphonesimulator*]" = YES;
				"INFOPLIST_KEY_UIStatusBarStyle[sdk=iphoneos*]" = UIStatusBarStyleDefault;
				"INFOPLIST_KEY_UIStatusBarStyle[sdk=iphonesimulator*]" = UIStatusBarStyleDefault;
				INFOPLIST_KEY_UISupportedInterfaceOrientations_iPad = "UIInterfaceOrientationPortrait UIInterfaceOrientationPortraitUpsideDown UIInterfaceOrientationLandscapeLeft UIInterfaceOrientationLandscapeRight";
				INFOPLIST_KEY_UISupportedInterfaceOrientations_iPhone = "UIInterfaceOrientationPortrait UIInterfaceOrientationLandscapeLeft UIInterfaceOrientationLandscapeRight";
				IPHONEOS_DEPLOYMENT_TARGET = 15.0;
				LD_RUNPATH_SEARCH_PATHS = "@executable_path/Frameworks";
				"LD_RUNPATH_SEARCH_PATHS[sdk=macosx*]" = "@executable_path/../Frameworks";
				MACOSX_DEPLOYMENT_TARGET = 13.3;
				MARKETING_VERSION = 1.0;
				PRODUCT_BUNDLE_IDENTIFIER = com.timezone.converter.app;
				PRODUCT_NAME = "$(TARGET_NAME)";
				SDKROOT = auto;
				SUPPORTED_PLATFORMS = "iphoneos iphonesimulator macosx";
				SWIFT_EMIT_LOC_STRINGS = YES;
				SWIFT_VERSION = 5.0;
				TARGETED_DEVICE_FAMILY = "1,2";
			};
			name = Debug;
		};
		41E73AD42B2C5FE1002AFFA8 /* Release */ = {
			isa = XCBuildConfiguration;
			buildSettings = {
				ASSETCATALOG_COMPILER_APPICON_NAME = AppIcon;
				ASSETCATALOG_COMPILER_GLOBAL_ACCENT_COLOR_NAME = AccentColor;
				CODE_SIGN_ENTITLEMENTS = ConverterApp/ConverterApp.entitlements;
				CODE_SIGN_STYLE = Automatic;
				CURRENT_PROJECT_VERSION = 1;
				DEVELOPMENT_ASSET_PATHS = "\"ConverterApp/Preview Content\"";
				DEVELOPMENT_TEAM = D7ZMSZAJTW;
				ENABLE_HARDENED_RUNTIME = YES;
				ENABLE_PREVIEWS = YES;
				GENERATE_INFOPLIST_FILE = YES;
				INFOPLIST_FILE = ConverterApp/Info.plist;
				INFOPLIST_KEY_LSApplicationCategoryType = "public.app-category.utilities";
				INFOPLIST_KEY_NSLocationWhenInUseUsageDescription = "This app requires your location to provide time zone information based on your current location.";
				"INFOPLIST_KEY_UIApplicationSceneManifest_Generation[sdk=iphoneos*]" = YES;
				"INFOPLIST_KEY_UIApplicationSceneManifest_Generation[sdk=iphonesimulator*]" = YES;
				"INFOPLIST_KEY_UIApplicationSupportsIndirectInputEvents[sdk=iphoneos*]" = YES;
				"INFOPLIST_KEY_UIApplicationSupportsIndirectInputEvents[sdk=iphonesimulator*]" = YES;
				"INFOPLIST_KEY_UILaunchScreen_Generation[sdk=iphoneos*]" = YES;
				"INFOPLIST_KEY_UILaunchScreen_Generation[sdk=iphonesimulator*]" = YES;
				"INFOPLIST_KEY_UIStatusBarStyle[sdk=iphoneos*]" = UIStatusBarStyleDefault;
				"INFOPLIST_KEY_UIStatusBarStyle[sdk=iphonesimulator*]" = UIStatusBarStyleDefault;
				INFOPLIST_KEY_UISupportedInterfaceOrientations_iPad = "UIInterfaceOrientationPortrait UIInterfaceOrientationPortraitUpsideDown UIInterfaceOrientationLandscapeLeft UIInterfaceOrientationLandscapeRight";
				INFOPLIST_KEY_UISupportedInterfaceOrientations_iPhone = "UIInterfaceOrientationPortrait UIInterfaceOrientationLandscapeLeft UIInterfaceOrientationLandscapeRight";
				IPHONEOS_DEPLOYMENT_TARGET = 15.0;
				LD_RUNPATH_SEARCH_PATHS = "@executable_path/Frameworks";
				"LD_RUNPATH_SEARCH_PATHS[sdk=macosx*]" = "@executable_path/../Frameworks";
				MACOSX_DEPLOYMENT_TARGET = 13.3;
				MARKETING_VERSION = 1.0;
				PRODUCT_BUNDLE_IDENTIFIER = com.timezone.converter.app;
				PRODUCT_NAME = "$(TARGET_NAME)";
				SDKROOT = auto;
				SUPPORTED_PLATFORMS = "iphoneos iphonesimulator macosx";
				SWIFT_EMIT_LOC_STRINGS = YES;
				SWIFT_VERSION = 5.0;
				TARGETED_DEVICE_FAMILY = "1,2";
			};
			name = Release;
		};
/* End XCBuildConfiguration section */

/* Begin XCConfigurationList section */
		41E73ABE2B2C5FDF002AFFA8 /* Build configuration list for PBXProject "ConverterApp" */ = {
			isa = XCConfigurationList;
			buildConfigurations = (
				41E73AD02B2C5FE1002AFFA8 /* Debug */,
				41E73AD12B2C5FE1002AFFA8 /* Release */,
			);
			defaultConfigurationIsVisible = 0;
			defaultConfigurationName = Release;
		};
		41E73AD22B2C5FE1002AFFA8 /* Build configuration list for PBXNativeTarget "ConverterApp" */ = {
			isa = XCConfigurationList;
			buildConfigurations = (
				41E73AD32B2C5FE1002AFFA8 /* Debug */,
				41E73AD42B2C5FE1002AFFA8 /* Release */,
			);
			defaultConfigurationIsVisible = 0;
			defaultConfigurationName = Release;
		};
/* End XCConfigurationList section */
	};
	rootObject = 41E73ABB2B2C5FDF002AFFA8 /* Project object */;
}
